<?xml version="1.0" encoding="utf-8"?>
<Project ToolsVersion="4.0" xmlns="http://schemas.microsoft.com/developer/msbuild/2003">
  <ItemGroup>
    <Filter Include="Source Files">
      <UniqueIdentifier>{4FC737F1-C7A5-4376-A066-2A32D752A2FF}</UniqueIdentifier>
      <Extensions>cpp;c;cc;cxx;c++;cppm;ixx;def;odl;idl;hpj;bat;asm;asmx</Extensions>
    </Filter>
    <Filter Include="Header Files">
      <UniqueIdentifier>{93995380-89BD-4b04-88EB-625FBE52EBFB}</UniqueIdentifier>
      <Extensions>h;hh;hpp;hxx;h++;hm;inl;inc;ipp;xsd</Extensions>
    </Filter>
    <Filter Include="Resource Files">
      <UniqueIdentifier>{67DA6AB6-F800-4c08-8B7A-83BB121AAD01}</UniqueIdentifier>
      <Extensions>rc;ico;cur;bmp;dlg;rc2;rct;bin;rgs;gif;jpg;jpeg;jpe;resx;tiff;tif;png;wav;mfcribbon-ms</Extensions>
    </Filter>
    <Filter Include="Header Files\Managers">
      <UniqueIdentifier>{1a2f3045-0a28-4f4a-8ef4-7f28f4c77d92}</UniqueIdentifier>
    </Filter>
    <Filter Include="Source Files\Managers">
      <UniqueIdentifier>{781c8c45-bae1-4f58-8082-c54736b535e1}</UniqueIdentifier>
    </Filter>
    <Filter Include="Header Files\Objects">
      <UniqueIdentifier>{93e1d03e-76df-416d-bc11-c7d8cc051918}</UniqueIdentifier>
    </Filter>
    <Filter Include="Header Files\Job">
      <UniqueIdentifier>{b57bb7af-229c-4e42-8905-b9d89bbb5599}</UniqueIdentifier>
    </Filter>
    <Filter Include="Source Files\Job">
      <UniqueIdentifier>{fb04f9d3-f447-4c7c-9528-0236fce77d7c}</UniqueIdentifier>
    </Filter>
    <Filter Include="Header Files\For DB">
      <UniqueIdentifier>{ac528b77-b42e-4d11-abd8-b46ea8e7b3ed}</UniqueIdentifier>
    </Filter>
    <Filter Include="Source Files\For DB">
      <UniqueIdentifier>{149e40ba-6303-4ecc-8274-876967d5d531}</UniqueIdentifier>
    </Filter>
    <Filter Include="Source Files\Objects">
      <UniqueIdentifier>{dabe8570-d0af-4a21-b1e5-88e797b97cd6}</UniqueIdentifier>
    </Filter>
    <Filter Include="Header Files\Room">
      <UniqueIdentifier>{ffaf6dad-32f4-4897-8b03-3d7acf5ce28a}</UniqueIdentifier>
    </Filter>
    <Filter Include="Source Files\Room">
      <UniqueIdentifier>{5e84c0a0-8eda-4e33-866e-f34c0e271318}</UniqueIdentifier>
    </Filter>
  </ItemGroup>
  <ItemGroup>
    <ClCompile Include="main.cpp">
      <Filter>Source Files</Filter>
    </ClCompile>
    <ClCompile Include="RecvBuffer.cpp">
      <Filter>Source Files</Filter>
    </ClCompile>
    <ClCompile Include="SendBuffer.cpp">
      <Filter>Source Files</Filter>
    </ClCompile>
    <ClCompile Include="Session.cpp">
      <Filter>Source Files</Filter>
    </ClCompile>
    <ClCompile Include="IocpCore.cpp">
      <Filter>Source Files</Filter>
    </ClCompile>
    <ClCompile Include="Listener.cpp">
      <Filter>Source Files</Filter>
    </ClCompile>
    <ClCompile Include="PacketHandler.cpp">
      <Filter>Source Files</Filter>
    </ClCompile>
    <ClCompile Include="Protocol\Protocol.pb.cc">
      <Filter>Source Files</Filter>
    </ClCompile>
    <ClCompile Include="GameSessionManager.cpp">
      <Filter>Source Files\Managers</Filter>
    </ClCompile>
    <ClCompile Include="RoomManager.cpp">
      <Filter>Source Files\Managers</Filter>
    </ClCompile>
    <ClCompile Include="ObjectManager.cpp">
      <Filter>Source Files\Managers</Filter>
    </ClCompile>
    <ClCompile Include="MapManager.cpp">
      <Filter>Source Files\Managers</Filter>
    </ClCompile>
    <ClCompile Include="Map.cpp">
      <Filter>Source Files</Filter>
    </ClCompile>
    <ClCompile Include="JobQueue.cpp">
      <Filter>Source Files\Job</Filter>
    </ClCompile>
    <ClCompile Include="JobSerializer.cpp">
      <Filter>Source Files\Job</Filter>
    </ClCompile>
    <ClCompile Include="DBConnection.cpp">
      <Filter>Source Files\For DB</Filter>
    </ClCompile>
    <ClCompile Include="DBManager.cpp">
      <Filter>Source Files\For DB</Filter>
    </ClCompile>
    <ClCompile Include="Projectile.cpp">
      <Filter>Source Files\Objects</Filter>
    </ClCompile>
    <ClCompile Include="Monster.cpp">
      <Filter>Source Files\Objects</Filter>
    </ClCompile>
    <ClCompile Include="Player.cpp">
      <Filter>Source Files\Objects</Filter>
    </ClCompile>
    <ClCompile Include="Item.cpp">
      <Filter>Source Files\Objects</Filter>
    </ClCompile>
    <ClCompile Include="GameObject.cpp">
      <Filter>Source Files\Objects</Filter>
    </ClCompile>
    <ClCompile Include="Creature.cpp">
      <Filter>Source Files\Objects</Filter>
    </ClCompile>
    <ClCompile Include="CoreRoom.cpp">
      <Filter>Source Files\Room</Filter>
    </ClCompile>
    <ClCompile Include="Room.cpp">
      <Filter>Source Files\Room</Filter>
    </ClCompile>
  </ItemGroup>
  <ItemGroup>
    <ClInclude Include="RecvBuffer.h">
      <Filter>Header Files</Filter>
    </ClInclude>
    <ClInclude Include="SendBuffer.h">
      <Filter>Header Files</Filter>
    </ClInclude>
    <ClInclude Include="Session.h">
      <Filter>Header Files</Filter>
    </ClInclude>
    <ClInclude Include="IocpCore.h">
      <Filter>Header Files</Filter>
    </ClInclude>
    <ClInclude Include="Listener.h">
      <Filter>Header Files</Filter>
    </ClInclude>
    <ClInclude Include="Types.h">
      <Filter>Header Files</Filter>
    </ClInclude>
    <ClInclude Include="ServerUtils.h">
      <Filter>Header Files</Filter>
    </ClInclude>
    <ClInclude Include="PacketHandler.h">
      <Filter>Header Files</Filter>
    </ClInclude>
    <ClInclude Include="Protocol\Protocol.pb.h">
      <Filter>Header Files</Filter>
    </ClInclude>
    <ClInclude Include="GameSessionManager.h">
      <Filter>Header Files\Managers</Filter>
    </ClInclude>
    <ClInclude Include="RoomManager.h">
      <Filter>Header Files\Managers</Filter>
    </ClInclude>
    <ClInclude Include="ObjectManager.h">
      <Filter>Header Files\Managers</Filter>
    </ClInclude>
    <ClInclude Include="Player.h">
      <Filter>Header Files\Objects</Filter>
    </ClInclude>
    <ClInclude Include="GameObject.h">
      <Filter>Header Files\Objects</Filter>
    </ClInclude>
    <ClInclude Include="Vector3.h">
      <Filter>Header Files</Filter>
    </ClInclude>
    <ClInclude Include="DataContents.h">
      <Filter>Header Files</Filter>
    </ClInclude>
    <ClInclude Include="DataManager.h">
      <Filter>Header Files\Managers</Filter>
    </ClInclude>
    <ClInclude Include="MapManager.h">
      <Filter>Header Files\Managers</Filter>
    </ClInclude>
    <ClInclude Include="Map.h">
      <Filter>Header Files</Filter>
    </ClInclude>
    <ClInclude Include="Monster.h">
      <Filter>Header Files\Objects</Filter>
    </ClInclude>
    <ClInclude Include="JobQueue.h">
      <Filter>Header Files\Job</Filter>
    </ClInclude>
    <ClInclude Include="JobSerializer.h">
      <Filter>Header Files\Job</Filter>
    </ClInclude>
    <ClInclude Include="DBConnection.h">
      <Filter>Header Files\For DB</Filter>
    </ClInclude>
    <ClInclude Include="DBManager.h">
      <Filter>Header Files\For DB</Filter>
    </ClInclude>
    <ClInclude Include="Projectile.h">
      <Filter>Header Files\Objects</Filter>
    </ClInclude>
    <ClInclude Include="Item.h">
      <Filter>Header Files\Objects</Filter>
    </ClInclude>
    <ClInclude Include="Inventory.h">
      <Filter>Header Files</Filter>
    </ClInclude>
    <ClInclude Include="Creature.h">
      <Filter>Header Files\Objects</Filter>
    </ClInclude>
    <ClInclude Include="InfoSturct.h">
      <Filter>Header Files</Filter>
    </ClInclude>
    <ClInclude Include="Room.h">
      <Filter>Header Files\Room</Filter>
    </ClInclude>
    <ClInclude Include="CoreRoom.h">
      <Filter>Header Files\Room</Filter>
    </ClInclude>
    <ClInclude Include="RLModelManager.h">
      <Filter>Header Files\Managers</Filter>
    </ClInclude>
  </ItemGroup>
  <ItemGroup>
    <None Include="packages.config" />
    <None Include="GeneratePacketHandler.py" />
    <None Include="cpp.hint" />
  </ItemGroup>
  <ItemGroup>
    <Text Include="CMakeLists.txt">
      <Filter>Source Files</Filter>
    </Text>
  </ItemGroup>
</Project>